{
    "version": 3,
    "terraform_version": "0.11.7",
    "serial": 2,
    "lineage": "a0836828-37b1-056b-fd48-8c77cde92f82",
    "modules": [
        {
            "path": [
                "root"
            ],
            "outputs": {},
            "resources": {
                "aws_instance.wb": {
                    "type": "aws_instance",
                    "depends_on": [
                        "aws_key_pair.default",
                        "aws_security_group.sgweb",
                        "aws_subnet.public-subnet"
                    ],
                    "primary": {
                        "id": "i-0204c6351493e2b68",
                        "attributes": {
                            "ami": "ami-925144f2",
                            "associate_public_ip_address": "true",
                            "availability_zone": "us-west-1b",
                            "credit_specification.#": "1",
                            "credit_specification.0.cpu_credits": "standard",
                            "disable_api_termination": "false",
                            "ebs_block_device.#": "0",
                            "ebs_optimized": "false",
                            "ephemeral_block_device.#": "0",
                            "get_password_data": "false",
                            "iam_instance_profile": "",
                            "id": "i-0204c6351493e2b68",
                            "instance_state": "running",
                            "instance_type": "t2.small",
                            "ipv6_addresses.#": "0",
                            "key_name": "id_rsa_605",
                            "monitoring": "false",
                            "network_interface.#": "0",
                            "network_interface_id": "eni-601dc464",
                            "password_data": "",
                            "placement_group": "",
                            "primary_network_interface_id": "eni-601dc464",
                            "private_dns": "ip-10-60-1-98.us-west-1.compute.internal",
                            "private_ip": "10.60.1.98",
                            "public_dns": "ec2-54-215-251-156.us-west-1.compute.amazonaws.com",
                            "public_ip": "54.215.251.156",
                            "root_block_device.#": "1",
                            "root_block_device.0.delete_on_termination": "true",
                            "root_block_device.0.iops": "100",
                            "root_block_device.0.volume_id": "vol-0031e6ed4d861fb69",
                            "root_block_device.0.volume_size": "8",
                            "root_block_device.0.volume_type": "gp2",
                            "security_groups.#": "0",
                            "source_dest_check": "false",
                            "subnet_id": "subnet-46d9a31d",
                            "tags.%": "1",
                            "tags.Name": "airflow",
                            "tenancy": "default",
                            "user_data": "53923cd74b441f21ad56ee9b82f876abe24b1ed8",
                            "volume_tags.%": "0",
                            "vpc_security_group_ids.#": "1",
                            "vpc_security_group_ids.3842201334": "sg-aa8346d2"
                        },
                        "meta": {
                            "e2bfb730-ecaa-11e6-8f88-34363bc7c4c0": {
                                "create": 600000000000,
                                "delete": 1200000000000,
                                "update": 600000000000
                            },
                            "schema_version": "1"
                        },
                        "tainted": false
                    },
                    "deposed": [],
                    "provider": "provider.aws"
                },
                "aws_internet_gateway.gw": {
                    "type": "aws_internet_gateway",
                    "depends_on": [
                        "aws_vpc.default"
                    ],
                    "primary": {
                        "id": "igw-7f74361b",
                        "attributes": {
                            "id": "igw-7f74361b",
                            "tags.%": "1",
                            "tags.Name": "605 VPC IGW",
                            "vpc_id": "vpc-f7ea8390"
                        },
                        "meta": {},
                        "tainted": false
                    },
                    "deposed": [],
                    "provider": "provider.aws"
                },
                "aws_key_pair.default": {
                    "type": "aws_key_pair",
                    "depends_on": [],
                    "primary": {
                        "id": "id_rsa_605",
                        "attributes": {
                            "id": "id_rsa_605",
                            "key_name": "id_rsa_605",
                            "public_key": "ssh-rsa AAAAB3NzaC1yc2EAAAADAQABAAABAQDFeVlePeK3EDwquAXFxMlDOTJlGghhRcC7seLUnTdaqXyQ1StGQ5AO8ezZRVDr0Gfojiom6K0LvS0k0f0wC4VnO1Ob/R60Pf7eVPFzm/g8AmcNzGwEGgGMtL2WQtnTLijsyfEsWbUhaJIUd+hfXRdF7rMspEGDHJUGXARB0KPm6+PhaXKVjjJ4jcvo4QnIlQxHC/qU6vHs0wKmcK1e6STtT28EiKMsyh1vT5s7h64lnN8Oqn1qsdkDWFIW6GQyQfwo7xtnaTbiDOkX8BnpsyBs8IFwrOmi4mwN5BzklLkpa2f1CvvnIslq8YUfg3j8CMqT5xCkFtSGu4yT0xN1cVqT noel.arzadon@605"
                        },
                        "meta": {
                            "schema_version": "1"
                        },
                        "tainted": false
                    },
                    "deposed": [],
                    "provider": "provider.aws"
                },
                "aws_route_table.web-public-rt": {
                    "type": "aws_route_table",
                    "depends_on": [
                        "aws_internet_gateway.gw",
                        "aws_vpc.default"
                    ],
                    "primary": {
                        "id": "rtb-72d1ce15",
                        "attributes": {
                            "id": "rtb-72d1ce15",
                            "propagating_vgws.#": "0",
                            "route.#": "1",
                            "route.2311038564.cidr_block": "0.0.0.0/0",
                            "route.2311038564.egress_only_gateway_id": "",
                            "route.2311038564.gateway_id": "igw-7f74361b",
                            "route.2311038564.instance_id": "",
                            "route.2311038564.ipv6_cidr_block": "",
                            "route.2311038564.nat_gateway_id": "",
                            "route.2311038564.network_interface_id": "",
                            "route.2311038564.vpc_peering_connection_id": "",
                            "tags.%": "1",
                            "tags.Name": "605 Pub Subnet RT",
                            "vpc_id": "vpc-f7ea8390"
                        },
                        "meta": {},
                        "tainted": false
                    },
                    "deposed": [],
                    "provider": "provider.aws"
                },
                "aws_route_table_association.web-public-rt": {
                    "type": "aws_route_table_association",
                    "depends_on": [
                        "aws_route_table.web-public-rt",
                        "aws_subnet.public-subnet"
                    ],
                    "primary": {
                        "id": "rtbassoc-800d57e6",
                        "attributes": {
                            "id": "rtbassoc-800d57e6",
                            "route_table_id": "rtb-72d1ce15",
                            "subnet_id": "subnet-46d9a31d"
                        },
                        "meta": {},
                        "tainted": false
                    },
                    "deposed": [],
                    "provider": "provider.aws"
                },
                "aws_security_group.sgweb": {
                    "type": "aws_security_group",
                    "depends_on": [
                        "aws_vpc.default"
                    ],
                    "primary": {
                        "id": "sg-aa8346d2",
                        "attributes": {
                            "arn": "arn:aws:ec2:us-west-1:524458042105:security-group/sg-aa8346d2",
                            "description": "Allow HTTP connections \u0026 SSH access",
                            "egress.#": "1",
                            "egress.482069346.cidr_blocks.#": "1",
                            "egress.482069346.cidr_blocks.0": "0.0.0.0/0",
                            "egress.482069346.description": "",
                            "egress.482069346.from_port": "0",
                            "egress.482069346.ipv6_cidr_blocks.#": "0",
                            "egress.482069346.prefix_list_ids.#": "0",
                            "egress.482069346.protocol": "-1",
                            "egress.482069346.security_groups.#": "0",
                            "egress.482069346.self": "false",
                            "egress.482069346.to_port": "0",
                            "id": "sg-aa8346d2",
                            "ingress.#": "3",
                            "ingress.2541437006.cidr_blocks.#": "1",
                            "ingress.2541437006.cidr_blocks.0": "0.0.0.0/0",
                            "ingress.2541437006.description": "",
                            "ingress.2541437006.from_port": "22",
                            "ingress.2541437006.ipv6_cidr_blocks.#": "0",
                            "ingress.2541437006.protocol": "tcp",
                            "ingress.2541437006.security_groups.#": "0",
                            "ingress.2541437006.self": "false",
                            "ingress.2541437006.to_port": "22",
                            "ingress.2617001939.cidr_blocks.#": "1",
                            "ingress.2617001939.cidr_blocks.0": "0.0.0.0/0",
                            "ingress.2617001939.description": "",
                            "ingress.2617001939.from_port": "443",
                            "ingress.2617001939.ipv6_cidr_blocks.#": "0",
                            "ingress.2617001939.protocol": "tcp",
                            "ingress.2617001939.security_groups.#": "0",
                            "ingress.2617001939.self": "false",
                            "ingress.2617001939.to_port": "443",
                            "ingress.516175195.cidr_blocks.#": "1",
                            "ingress.516175195.cidr_blocks.0": "0.0.0.0/0",
                            "ingress.516175195.description": "",
                            "ingress.516175195.from_port": "8080",
                            "ingress.516175195.ipv6_cidr_blocks.#": "0",
                            "ingress.516175195.protocol": "tcp",
                            "ingress.516175195.security_groups.#": "0",
                            "ingress.516175195.self": "false",
                            "ingress.516175195.to_port": "8080",
                            "name": "605_vpc_web",
                            "owner_id": "524458042105",
                            "revoke_rules_on_delete": "false",
                            "tags.%": "1",
                            "tags.Name": "605 Web Server SG",
                            "vpc_id": "vpc-f7ea8390"
                        },
                        "meta": {
                            "e2bfb730-ecaa-11e6-8f88-34363bc7c4c0": {
                                "create": 600000000000,
                                "delete": 600000000000
                            },
                            "schema_version": "1"
                        },
                        "tainted": false
                    },
                    "deposed": [],
                    "provider": "provider.aws"
                },
                "aws_subnet.public-subnet": {
                    "type": "aws_subnet",
                    "depends_on": [
                        "aws_vpc.default"
                    ],
                    "primary": {
                        "id": "subnet-46d9a31d",
                        "attributes": {
                            "assign_ipv6_address_on_creation": "false",
                            "availability_zone": "us-west-1b",
                            "cidr_block": "10.60.1.0/24",
                            "id": "subnet-46d9a31d",
                            "map_public_ip_on_launch": "false",
                            "tags.%": "1",
                            "tags.Name": "605 Web Pub Subnet",
                            "vpc_id": "vpc-f7ea8390"
                        },
                        "meta": {
                            "schema_version": "1"
                        },
                        "tainted": false
                    },
                    "deposed": [],
                    "provider": "provider.aws"
                },
                "aws_vpc.default": {
                    "type": "aws_vpc",
                    "depends_on": [],
                    "primary": {
                        "id": "vpc-f7ea8390",
                        "attributes": {
                            "assign_generated_ipv6_cidr_block": "false",
                            "cidr_block": "10.60.0.0/16",
                            "default_network_acl_id": "acl-0bbb856c",
                            "default_route_table_id": "rtb-48cdd22f",
                            "default_security_group_id": "sg-4f824737",
                            "dhcp_options_id": "dopt-7ecb5419",
                            "enable_classiclink": "false",
                            "enable_classiclink_dns_support": "false",
                            "enable_dns_hostnames": "true",
                            "enable_dns_support": "true",
                            "id": "vpc-f7ea8390",
                            "instance_tenancy": "default",
                            "main_route_table_id": "rtb-48cdd22f",
                            "tags.%": "1",
                            "tags.Name": "605-vpc"
                        },
                        "meta": {
                            "schema_version": "1"
                        },
                        "tainted": false
                    },
                    "deposed": [],
                    "provider": "provider.aws"
                }
            },
            "depends_on": []
        }
    ]
}
